# This file is automatically @generated by Cargo.
# It is not intended for manual editing.
[[package]]
name = "avr-mcu"
version = "0.3.4"
source = "registry+https://github.com/rust-lang/crates.io-index"
checksum = "0051e665c7e79c1c22c3fe87f1ffc18bd415ef0fe644ef7c7d7e5b771f0112c7"
dependencies = [
 "json",
 "lazy_static",
 "target-cpu-fetch",
 "xmltree",
]

[[package]]
name = "avr-std-stub"
version = "1.0.2"
source = "registry+https://github.com/rust-lang/crates.io-index"
checksum = "b81c8e8c23121c998236d1fb16537ae599318fe0e1a099b68c02221aa34f1576"

[[package]]
name = "blink"
version = "0.1.0"
dependencies = [
 "ruduino",
]

[[package]]
name = "json"
version = "0.12.4"
source = "registry+https://github.com/rust-lang/crates.io-index"
checksum = "078e285eafdfb6c4b434e0d31e8cfcb5115b651496faca5749b88fafd4f23bfd"

[[package]]
name = "lazy_static"
version = "1.4.0"
source = "registry+https://github.com/rust-lang/crates.io-index"
checksum = "e2abad23fbc42b3700f2f279844dc832adb2b2eb069b2df918f455c4e18cc646"

[[package]]
name = "ruduino"
version = "0.2.7"
source = "registry+https://github.com/rust-lang/crates.io-index"
checksum = "4eb504518494a82eec85119cbba89293be274a6014d56dbfe2170a31811cccda"
dependencies = [
 "avr-mcu",
 "avr-std-stub",
 "target-cpu-fetch",
 "target-cpu-macro",
]

[[package]]
name = "target-cpu-fetch"
version = "0.1.1"
source = "registry+https://github.com/rust-lang/crates.io-index"
checksum = "b362c2489eca702c03a77e3ef0753de5a68d8e2314fc784a6dfbba5069e05def"
dependencies = [
 "json",
]

[[package]]
name = "target-cpu-macro"
version = "0.1.1"
source = "registry+https://github.com/rust-lang/crates.io-index"
checksum = "382a642e3ca83cf65746ff7e570bf330bd0a9a985753fdcf78a78cb2c9a24580"
dependencies = [
 "json",
 "target-cpu-fetch",
]

[[package]]
name = "xml-rs"
version = "0.8.3"
source = "registry+https://github.com/rust-lang/crates.io-index"
checksum = "b07db065a5cf61a7e4ba64f29e67db906fb1787316516c4e6e5ff0fea1efcd8a"

[[package]]
name = "xmltree"
version = "0.10.2"
source = "registry+https://github.com/rust-lang/crates.io-index"
checksum = "d046fd42d4137234742eae0d05b4fb6fbdda9aed7c78e523ae890fd87c7e11dd"
dependencies = [
 "xml-rs",
]
