# This file is automatically @generated by Cargo.
# It is not intended for manual editing.
[[package]]
name = "avr-mcu"
version = "0.2.6"
source = "registry+https://github.com/rust-lang/crates.io-index"
dependencies = [
 "lazy_static 0.2.11 (registry+https://github.com/rust-lang/crates.io-index)",
 "xmltree 0.4.0 (registry+https://github.com/rust-lang/crates.io-index)",
]

[[package]]
name = "bitflags"
version = "0.7.0"
source = "registry+https://github.com/rust-lang/crates.io-index"

[[package]]
name = "blink"
version = "0.1.0"
dependencies = [
 "ruduino 0.2.0 (registry+https://github.com/rust-lang/crates.io-index)",
]

[[package]]
name = "lazy_static"
version = "0.2.11"
source = "registry+https://github.com/rust-lang/crates.io-index"

[[package]]
name = "ruduino"
version = "0.2.0"
source = "registry+https://github.com/rust-lang/crates.io-index"
dependencies = [
 "avr-mcu 0.2.6 (registry+https://github.com/rust-lang/crates.io-index)",
]

[[package]]
name = "xml-rs"
version = "0.4.1"
source = "registry+https://github.com/rust-lang/crates.io-index"
dependencies = [
 "bitflags 0.7.0 (registry+https://github.com/rust-lang/crates.io-index)",
]

[[package]]
name = "xmltree"
version = "0.4.0"
source = "registry+https://github.com/rust-lang/crates.io-index"
dependencies = [
 "xml-rs 0.4.1 (registry+https://github.com/rust-lang/crates.io-index)",
]

[metadata]
"checksum avr-mcu 0.2.6 (registry+https://github.com/rust-lang/crates.io-index)" = "d560a698718437f9e3cb787f70f8103685514f84aff6b55b5a506b1740a1aeb3"
"checksum bitflags 0.7.0 (registry+https://github.com/rust-lang/crates.io-index)" = "aad18937a628ec6abcd26d1489012cc0e18c21798210f491af69ded9b881106d"
"checksum lazy_static 0.2.11 (registry+https://github.com/rust-lang/crates.io-index)" = "76f033c7ad61445c5b347c7382dd1237847eb1bce590fe50365dcb33d546be73"
"checksum ruduino 0.2.0 (registry+https://github.com/rust-lang/crates.io-index)" = "7e17a8d7c76f9a45e4f48b7a2824dd9938309e02040abbdd67c15bf3f0e7235a"
"checksum xml-rs 0.4.1 (registry+https://github.com/rust-lang/crates.io-index)" = "b46ee689ba7a669c08a1170c2348d2516c62dc461135c9e86b2f1f476e07be4a"
"checksum xmltree 0.4.0 (registry+https://github.com/rust-lang/crates.io-index)" = "973f1a8be3ef2ce1388e0821093ce67d5eb4c2e897e88866e2ed6dd7a63920ed"
